
Microsoft Visual Studio Solution File, Format Version 12.00
# Visual Studio Version 16
VisualStudioVersion = 16.0.33423.256
MinimumVisualStudioVersion = 10.0.40219.1
Project("{FAE04EC0-301F-11D3-BF4B-00C04F79EFBC}") = "OnlineSales.AI", "OnlineSales.AI\OnlineSales.AI.csproj", "{874F3D15-A30E-47D1-8F90-E05BB7FC2BAF}"
EndProject
Global
	GlobalSection(SolutionConfigurationPlatforms) = preSolution
		Debug|Any CPU = Debug|Any CPU
		Release|Any CPU = Release|Any CPU
	EndGlobalSection
	GlobalSection(ProjectConfigurationPlatforms) = postSolution
		{874F3D15-A30E-47D1-8F90-E05BB7FC2BAF}.Debug|Any CPU.ActiveCfg = Debug|Any CPU
		{874F3D15-A30E-47D1-8F90-E05BB7FC2BAF}.Debug|Any CPU.Build.0 = Debug|Any CPU
		{874F3D15-A30E-47D1-8F90-E05BB7FC2BAF}.Release|Any CPU.ActiveCfg = Release|Any CPU
		{874F3D15-A30E-47D1-8F90-E05BB7FC2BAF}.Release|Any CPU.Build.0 = Release|Any CPU
	EndGlobalSection
	GlobalSection(SolutionProperties) = preSolution
		HideSolutionNode = FALSE
	EndGlobalSection
	GlobalSection(ExtensibilityGlobals) = postSolution
		SolutionGuid = {0B9EE041-7259-4633-AD23-2A15041B0976}
	EndGlobalSection
EndGlobal
